{
  "name": "wid-transitive-fixture",
  "version": "1.0.0",
  "lockfileVersion": 3,
  "requires": true,
  "packages": {
    "": {
      "name": "wid-transitive-fixture",
      "version": "1.0.0",
      "dependencies": {
        "prejss-postcss-parser": "0.3.2"
      }
    },
    "node_modules/prejss-postcss-parser": {
      "version": "0.3.2",
      "dependencies": {
        "deasync": "^0.1.9"
      }
    },
    "node_modules/deasync": {
      "version": "0.1.31"
    }
  }
}
